[[package]]
name = "kafka-python"
version = "2.0.2"
description = "Pure Python client for Apache Kafka"
category = "main"
optional = false
python-versions = "*"

[package.extras]
crc32c = ["crc32c"]

[[package]]
name = "python-dotenv"
version = "0.21.1"
description = "Read key-value pairs from a .env file and set them as environment variables"
category = "main"
optional = false
python-versions = ">=3.7"

[package.extras]
cli = ["click (>=5.0)"]

[metadata]
lock-version = "1.1"
python-versions = "^3.9"
content-hash = "cf9adae3a60b8b50f84dc3c61e2b678b449ff716d05849e990f9a2c766e95699"

[metadata.files]
kafka-python = [
    {file = "kafka-python-2.0.2.tar.gz", hash = "sha256:04dfe7fea2b63726cd6f3e79a2d86e709d608d74406638c5da33a01d45a9d7e3"},
    {file = "kafka_python-2.0.2-py2.py3-none-any.whl", hash = "sha256:2d92418c7cb1c298fa6c7f0fb3519b520d0d7526ac6cb7ae2a4fc65a51a94b6e"},
]
python-dotenv = [
    {file = "python-dotenv-0.21.1.tar.gz", hash = "sha256:1c93de8f636cde3ce377292818d0e440b6e45a82f215c3744979151fa8151c49"},
    {file = "python_dotenv-0.21.1-py3-none-any.whl", hash = "sha256:41e12e0318bebc859fcc4d97d4db8d20ad21721a6aa5047dd59f090391cb549a"},
]
